<?xml version="1.0" encoding="utf-8"?>
<Project ToolsVersion="4.0" xmlns="http://schemas.microsoft.com/developer/msbuild/2003">
  <ItemGroup>
    <Filter Include="Source Files">
      <UniqueIdentifier>{4FC737F1-C7A5-4376-A066-2A32D752A2FF}</UniqueIdentifier>
      <Extensions>cpp;c;cc;cxx;c++;cppm;ixx;def;odl;idl;hpj;bat;asm;asmx</Extensions>
    </Filter>
    <Filter Include="Header Files">
      <UniqueIdentifier>{93995380-89BD-4b04-88EB-625FBE52EBFB}</UniqueIdentifier>
      <Extensions>h;hh;hpp;hxx;h++;hm;inl;inc;ipp;xsd</Extensions>
    </Filter>
    <Filter Include="Resource Files">
      <UniqueIdentifier>{67DA6AB6-F800-4c08-8B7A-83BB121AAD01}</UniqueIdentifier>
      <Extensions>rc;ico;cur;bmp;dlg;rc2;rct;bin;rgs;gif;jpg;jpeg;jpe;resx;tiff;tif;png;wav;mfcribbon-ms</Extensions>
    </Filter>
    <Filter Include="Source Files\Framework">
      <UniqueIdentifier>{8cb8c908-8b34-4154-82a3-c7675993d1fd}</UniqueIdentifier>
    </Filter>
    <Filter Include="Header Files\Framework">
      <UniqueIdentifier>{1912dc0c-0dc3-4ff4-a320-d63aca85d66e}</UniqueIdentifier>
    </Filter>
    <Filter Include="Source Files\Modules">
      <UniqueIdentifier>{c59594c6-4bad-41df-b67b-8890af7184f2}</UniqueIdentifier>
    </Filter>
    <Filter Include="Header Files\Modules">
      <UniqueIdentifier>{d4940126-d2af-4dd6-80a1-ef56619119ee}</UniqueIdentifier>
    </Filter>
    <Filter Include="Header Files\Util">
      <UniqueIdentifier>{bb014b53-9e60-4faa-918f-fa044fbddb13}</UniqueIdentifier>
    </Filter>
    <Filter Include="Source Files\Util">
      <UniqueIdentifier>{dc9d0ad6-ad28-4491-9c03-049d51d6d5a8}</UniqueIdentifier>
    </Filter>
  </ItemGroup>
  <ItemGroup>
    <ClCompile Include="MessageService.cpp">
      <Filter>Source Files\Framework</Filter>
    </ClCompile>
    <ClCompile Include="SELENA.cpp">
      <Filter>Source Files</Filter>
    </ClCompile>
    <ClCompile Include="ModuleMsgService.cpp">
      <Filter>Source Files\Modules</Filter>
    </ClCompile>
    <ClCompile Include="SELENA_Framework.cpp">
      <Filter>Source Files\Framework</Filter>
    </ClCompile>
    <ClCompile Include="SELENA_Modules.cpp">
      <Filter>Source Files\Modules</Filter>
    </ClCompile>
    <ClCompile Include="Intent.cpp">
      <Filter>Source Files\Modules</Filter>
    </ClCompile>
    <ClCompile Include="Util.cpp">
      <Filter>Source Files\Util</Filter>
    </ClCompile>
    <ClCompile Include="PythonService.cpp">
      <Filter>Source Files\Util</Filter>
    </ClCompile>
    <ClCompile Include="FrameworkResources.cpp">
      <Filter>Source Files\Framework</Filter>
    </ClCompile>
    <ClCompile Include="ModulesResources.cpp">
      <Filter>Source Files\Modules</Filter>
    </ClCompile>
    <ClCompile Include="Modules.cpp">
      <Filter>Source Files\Modules</Filter>
    </ClCompile>
  </ItemGroup>
  <ItemGroup>
    <ClInclude Include="MessageService.hpp">
      <Filter>Header Files\Framework</Filter>
    </ClInclude>
    <ClInclude Include="ModuleMsgService.hpp">
      <Filter>Header Files\Modules</Filter>
    </ClInclude>
    <ClInclude Include="SELENA_Framework.hpp">
      <Filter>Header Files\Framework</Filter>
    </ClInclude>
    <ClInclude Include="SELENA_Modules.hpp">
      <Filter>Header Files\Modules</Filter>
    </ClInclude>
    <ClInclude Include="FrameworkResources.hpp">
      <Filter>Header Files\Framework</Filter>
    </ClInclude>
    <ClInclude Include="PythonService.hpp">
      <Filter>Header Files\Util</Filter>
    </ClInclude>
    <ClInclude Include="Event.hpp">
      <Filter>Header Files\Util</Filter>
    </ClInclude>
    <ClInclude Include="Resources.hpp">
      <Filter>Header Files\Util</Filter>
    </ClInclude>
    <ClInclude Include="ThreadPool.hpp">
      <Filter>Header Files\Util</Filter>
    </ClInclude>
    <ClInclude Include="Util.hpp">
      <Filter>Header Files\Util</Filter>
    </ClInclude>
    <ClInclude Include="ModulesResources.hpp">
      <Filter>Header Files\Modules</Filter>
    </ClInclude>
    <ClInclude Include="Intent.hpp">
      <Filter>Header Files\Modules</Filter>
    </ClInclude>
    <ClInclude Include="Modules.hpp">
      <Filter>Header Files\Modules</Filter>
    </ClInclude>
  </ItemGroup>
  <ItemGroup>
    <None Include="Python\Scripts\demoPorcupine.py">
      <Filter>Resource Files</Filter>
    </None>
    <None Include="Python\Scripts\testocr.py">
      <Filter>Resource Files</Filter>
    </None>
  </ItemGroup>
</Project>